// !$*UTF8*$!
{
	archiveVersion = 1;
	classes = {
	};
	objectVersion = 55;
	objects = {

/* Begin PBXBuildFile section */
		D45896D927BC1FE000D22A04 /* ContainerView.swift in Sources */ = {isa = PBXBuildFile; fileRef = D45896D827BC1FE000D22A04 /* ContainerView.swift */; };
		D45896DB27BC219500D22A04 /* FriendsListView.swift in Sources */ = {isa = PBXBuildFile; fileRef = D45896DA27BC219500D22A04 /* FriendsListView.swift */; };
		D45896DD27BC23D000D22A04 /* TabBarView.swift in Sources */ = {isa = PBXBuildFile; fileRef = D45896DC27BC23D000D22A04 /* TabBarView.swift */; };
		D45896E127BC24F800D22A04 /* Friend.swift in Sources */ = {isa = PBXBuildFile; fileRef = D45896E027BC24F800D22A04 /* Friend.swift */; };
		D45896E327BCCE1100D22A04 /* GroupsListView.swift in Sources */ = {isa = PBXBuildFile; fileRef = D45896E227BCCE1000D22A04 /* GroupsListView.swift */; };
		D45896E527BCCE4A00D22A04 /* Group.swift in Sources */ = {isa = PBXBuildFile; fileRef = D45896E427BCCE4A00D22A04 /* Group.swift */; };
		D498AD6B27B3B49900C41A96 /* SwiftUI_VKApp.swift in Sources */ = {isa = PBXBuildFile; fileRef = D498AD6A27B3B49900C41A96 /* SwiftUI_VKApp.swift */; };
		D498AD6D27B3B49900C41A96 /* LoginView.swift in Sources */ = {isa = PBXBuildFile; fileRef = D498AD6C27B3B49900C41A96 /* LoginView.swift */; };
		D498AD6F27B3B49E00C41A96 /* Assets.xcassets in Resources */ = {isa = PBXBuildFile; fileRef = D498AD6E27B3B49E00C41A96 /* Assets.xcassets */; };
		D498AD7227B3B49E00C41A96 /* Preview Assets.xcassets in Resources */ = {isa = PBXBuildFile; fileRef = D498AD7127B3B49E00C41A96 /* Preview Assets.xcassets */; };
		D49BD4DA27BA8B93007F1C7A /* AvatarImage.swift in Sources */ = {isa = PBXBuildFile; fileRef = D49BD4D927BA8B93007F1C7A /* AvatarImage.swift */; };
		D49BD4DC27BA8E1B007F1C7A /* CircleShadow.swift in Sources */ = {isa = PBXBuildFile; fileRef = D49BD4DB27BA8E1B007F1C7A /* CircleShadow.swift */; };
		D49BD4DE27BAB2D2007F1C7A /* FriendCellView.swift in Sources */ = {isa = PBXBuildFile; fileRef = D49BD4DD27BAB2D2007F1C7A /* FriendCellView.swift */; };
		D49BD4E027BAB319007F1C7A /* AvatarView.swift in Sources */ = {isa = PBXBuildFile; fileRef = D49BD4DF27BAB319007F1C7A /* AvatarView.swift */; };
		D49BD4E227BABC19007F1C7A /* FriendNameView.swift in Sources */ = {isa = PBXBuildFile; fileRef = D49BD4E127BABC19007F1C7A /* FriendNameView.swift */; };
		D49BD4E527BABE41007F1C7A /* GroupNameView.swift in Sources */ = {isa = PBXBuildFile; fileRef = D49BD4E427BABE41007F1C7A /* GroupNameView.swift */; };
		D49BD4E727BABE92007F1C7A /* GroupCellView.swift in Sources */ = {isa = PBXBuildFile; fileRef = D49BD4E627BABE92007F1C7A /* GroupCellView.swift */; };
		D49BD4EC27BAC058007F1C7A /* Constants.swift in Sources */ = {isa = PBXBuildFile; fileRef = D49BD4EB27BAC058007F1C7A /* Constants.swift */; };
/* End PBXBuildFile section */

/* Begin PBXFileReference section */
		D45896D827BC1FE000D22A04 /* ContainerView.swift */ = {isa = PBXFileReference; lastKnownFileType = sourcecode.swift; path = ContainerView.swift; sourceTree = "<group>"; };
		D45896DA27BC219500D22A04 /* FriendsListView.swift */ = {isa = PBXFileReference; lastKnownFileType = sourcecode.swift; path = FriendsListView.swift; sourceTree = "<group>"; };
		D45896DC27BC23D000D22A04 /* TabBarView.swift */ = {isa = PBXFileReference; lastKnownFileType = sourcecode.swift; path = TabBarView.swift; sourceTree = "<group>"; };
		D45896E027BC24F800D22A04 /* Friend.swift */ = {isa = PBXFileReference; lastKnownFileType = sourcecode.swift; path = Friend.swift; sourceTree = "<group>"; };
		D45896E227BCCE1000D22A04 /* GroupsListView.swift */ = {isa = PBXFileReference; lastKnownFileType = sourcecode.swift; path = GroupsListView.swift; sourceTree = "<group>"; };
		D45896E427BCCE4A00D22A04 /* Group.swift */ = {isa = PBXFileReference; lastKnownFileType = sourcecode.swift; path = Group.swift; sourceTree = "<group>"; };
		D498AD6727B3B49900C41A96 /* SwiftUI_VK.app */ = {isa = PBXFileReference; explicitFileType = wrapper.application; includeInIndex = 0; path = SwiftUI_VK.app; sourceTree = BUILT_PRODUCTS_DIR; };
		D498AD6A27B3B49900C41A96 /* SwiftUI_VKApp.swift */ = {isa = PBXFileReference; lastKnownFileType = sourcecode.swift; path = SwiftUI_VKApp.swift; sourceTree = "<group>"; };
		D498AD6C27B3B49900C41A96 /* LoginView.swift */ = {isa = PBXFileReference; lastKnownFileType = sourcecode.swift; path = LoginView.swift; sourceTree = "<group>"; };
		D498AD6E27B3B49E00C41A96 /* Assets.xcassets */ = {isa = PBXFileReference; lastKnownFileType = folder.assetcatalog; path = Assets.xcassets; sourceTree = "<group>"; };
		D498AD7127B3B49E00C41A96 /* Preview Assets.xcassets */ = {isa = PBXFileReference; lastKnownFileType = folder.assetcatalog; path = "Preview Assets.xcassets"; sourceTree = "<group>"; };
		D49BD4D927BA8B93007F1C7A /* AvatarImage.swift */ = {isa = PBXFileReference; lastKnownFileType = sourcecode.swift; path = AvatarImage.swift; sourceTree = "<group>"; };
		D49BD4DB27BA8E1B007F1C7A /* CircleShadow.swift */ = {isa = PBXFileReference; lastKnownFileType = sourcecode.swift; path = CircleShadow.swift; sourceTree = "<group>"; };
		D49BD4DD27BAB2D2007F1C7A /* FriendCellView.swift */ = {isa = PBXFileReference; lastKnownFileType = sourcecode.swift; path = FriendCellView.swift; sourceTree = "<group>"; };
		D49BD4DF27BAB319007F1C7A /* AvatarView.swift */ = {isa = PBXFileReference; lastKnownFileType = sourcecode.swift; path = AvatarView.swift; sourceTree = "<group>"; };
		D49BD4E127BABC19007F1C7A /* FriendNameView.swift */ = {isa = PBXFileReference; lastKnownFileType = sourcecode.swift; path = FriendNameView.swift; sourceTree = "<group>"; };
		D49BD4E427BABE41007F1C7A /* GroupNameView.swift */ = {isa = PBXFileReference; lastKnownFileType = sourcecode.swift; path = GroupNameView.swift; sourceTree = "<group>"; };
		D49BD4E627BABE92007F1C7A /* GroupCellView.swift */ = {isa = PBXFileReference; lastKnownFileType = sourcecode.swift; path = GroupCellView.swift; sourceTree = "<group>"; };
		D49BD4EB27BAC058007F1C7A /* Constants.swift */ = {isa = PBXFileReference; lastKnownFileType = sourcecode.swift; path = Constants.swift; sourceTree = "<group>"; };
/* End PBXFileReference section */

/* Begin PBXFrameworksBuildPhase section */
		D498AD6427B3B49900C41A96 /* Frameworks */ = {
			isa = PBXFrameworksBuildPhase;
			buildActionMask = 2147483647;
			files = (
			);
			runOnlyForDeploymentPostprocessing = 0;
		};
/* End PBXFrameworksBuildPhase section */

/* Begin PBXGroup section */
		D45896DE27BC24DB00D22A04 /* Model */ = {
			isa = PBXGroup;
			children = (
				D45896E027BC24F800D22A04 /* Friend.swift */,
				D45896E427BCCE4A00D22A04 /* Group.swift */,
			);
			path = Model;
			sourceTree = "<group>";
		};
		D498AD5E27B3B49900C41A96 = {
			isa = PBXGroup;
			children = (
				D49BD4EB27BAC058007F1C7A /* Constants.swift */,
				D498AD6927B3B49900C41A96 /* SwiftUI_VK */,
				D498AD6827B3B49900C41A96 /* Products */,
			);
			sourceTree = "<group>";
		};
		D498AD6827B3B49900C41A96 /* Products */ = {
			isa = PBXGroup;
			children = (
				D498AD6727B3B49900C41A96 /* SwiftUI_VK.app */,
			);
			name = Products;
			sourceTree = "<group>";
		};
		D498AD6927B3B49900C41A96 /* SwiftUI_VK */ = {
			isa = PBXGroup;
			children = (
				D45896DE27BC24DB00D22A04 /* Model */,
				D498AD6E27B3B49E00C41A96 /* Assets.xcassets */,
				D49BD4E327BABC50007F1C7A /* Avatar */,
				D49BD4EA27BABF78007F1C7A /* Cell */,
				D498AD6C27B3B49900C41A96 /* LoginView.swift */,
				D498AD7027B3B49E00C41A96 /* Preview Content */,
				D498AD6A27B3B49900C41A96 /* SwiftUI_VKApp.swift */,
				D45896D827BC1FE000D22A04 /* ContainerView.swift */,
				D45896DA27BC219500D22A04 /* FriendsListView.swift */,
				D45896DC27BC23D000D22A04 /* TabBarView.swift */,
				D45896E227BCCE1000D22A04 /* GroupsListView.swift */,
			);
			path = SwiftUI_VK;
			sourceTree = "<group>";
		};
		D498AD7027B3B49E00C41A96 /* Preview Content */ = {
			isa = PBXGroup;
			children = (
				D498AD7127B3B49E00C41A96 /* Preview Assets.xcassets */,
			);
			path = "Preview Content";
			sourceTree = "<group>";
		};
		D49BD4E327BABC50007F1C7A /* Avatar */ = {
			isa = PBXGroup;
			children = (
				D49BD4DF27BAB319007F1C7A /* AvatarView.swift */,
				D49BD4D927BA8B93007F1C7A /* AvatarImage.swift */,
				D49BD4DB27BA8E1B007F1C7A /* CircleShadow.swift */,
			);
			path = Avatar;
			sourceTree = "<group>";
		};
		D49BD4E827BABEE9007F1C7A /* Friend */ = {
			isa = PBXGroup;
			children = (
				D49BD4DD27BAB2D2007F1C7A /* FriendCellView.swift */,
				D49BD4E127BABC19007F1C7A /* FriendNameView.swift */,
			);
			path = Friend;
			sourceTree = "<group>";
		};
		D49BD4E927BABF04007F1C7A /* Group */ = {
			isa = PBXGroup;
			children = (
				D49BD4E627BABE92007F1C7A /* GroupCellView.swift */,
				D49BD4E427BABE41007F1C7A /* GroupNameView.swift */,
			);
			path = Group;
			sourceTree = "<group>";
		};
		D49BD4EA27BABF78007F1C7A /* Cell */ = {
			isa = PBXGroup;
			children = (
				D49BD4E827BABEE9007F1C7A /* Friend */,
				D49BD4E927BABF04007F1C7A /* Group */,
			);
			path = Cell;
			sourceTree = "<group>";
		};
/* End PBXGroup section */

/* Begin PBXNativeTarget section */
		D498AD6627B3B49900C41A96 /* SwiftUI_VK */ = {
			isa = PBXNativeTarget;
			buildConfigurationList = D498AD7527B3B49E00C41A96 /* Build configuration list for PBXNativeTarget "SwiftUI_VK" */;
			buildPhases = (
				D498AD6327B3B49900C41A96 /* Sources */,
				D498AD6427B3B49900C41A96 /* Frameworks */,
				D498AD6527B3B49900C41A96 /* Resources */,
			);
			buildRules = (
			);
			dependencies = (
			);
			name = SwiftUI_VK;
			productName = SwiftUI_VK;
			productReference = D498AD6727B3B49900C41A96 /* SwiftUI_VK.app */;
			productType = "com.apple.product-type.application";
		};
/* End PBXNativeTarget section */

/* Begin PBXProject section */
		D498AD5F27B3B49900C41A96 /* Project object */ = {
			isa = PBXProject;
			attributes = {
				BuildIndependentTargetsInParallel = 1;
				LastSwiftUpdateCheck = 1310;
				LastUpgradeCheck = 1310;
				TargetAttributes = {
					D498AD6627B3B49900C41A96 = {
						CreatedOnToolsVersion = 13.1;
					};
				};
			};
			buildConfigurationList = D498AD6227B3B49900C41A96 /* Build configuration list for PBXProject "SwiftUI_VK" */;
			compatibilityVersion = "Xcode 13.0";
			developmentRegion = en;
			hasScannedForEncodings = 0;
			knownRegions = (
				en,
				Base,
			);
			mainGroup = D498AD5E27B3B49900C41A96;
			productRefGroup = D498AD6827B3B49900C41A96 /* Products */;
			projectDirPath = "";
			projectRoot = "";
			targets = (
				D498AD6627B3B49900C41A96 /* SwiftUI_VK */,
			);
		};
/* End PBXProject section */

/* Begin PBXResourcesBuildPhase section */
		D498AD6527B3B49900C41A96 /* Resources */ = {
			isa = PBXResourcesBuildPhase;
			buildActionMask = 2147483647;
			files = (
				D498AD7227B3B49E00C41A96 /* Preview Assets.xcassets in Resources */,
				D498AD6F27B3B49E00C41A96 /* Assets.xcassets in Resources */,
			);
			runOnlyForDeploymentPostprocessing = 0;
		};
/* End PBXResourcesBuildPhase section */

/* Begin PBXSourcesBuildPhase section */
		D498AD6327B3B49900C41A96 /* Sources */ = {
			isa = PBXSourcesBuildPhase;
			buildActionMask = 2147483647;
			files = (
				D498AD6D27B3B49900C41A96 /* LoginView.swift in Sources */,
				D45896E127BC24F800D22A04 /* Friend.swift in Sources */,
				D45896E327BCCE1100D22A04 /* GroupsListView.swift in Sources */,
				D45896E527BCCE4A00D22A04 /* Group.swift in Sources */,
				D49BD4E727BABE92007F1C7A /* GroupCellView.swift in Sources */,
				D45896DD27BC23D000D22A04 /* TabBarView.swift in Sources */,
				D49BD4E027BAB319007F1C7A /* AvatarView.swift in Sources */,
				D49BD4DC27BA8E1B007F1C7A /* CircleShadow.swift in Sources */,
				D49BD4E227BABC19007F1C7A /* FriendNameView.swift in Sources */,
				D49BD4EC27BAC058007F1C7A /* Constants.swift in Sources */,
				D45896DB27BC219500D22A04 /* FriendsListView.swift in Sources */,
				D49BD4DA27BA8B93007F1C7A /* AvatarImage.swift in Sources */,
				D498AD6B27B3B49900C41A96 /* SwiftUI_VKApp.swift in Sources */,
				D49BD4DE27BAB2D2007F1C7A /* FriendCellView.swift in Sources */,
				D45896D927BC1FE000D22A04 /* ContainerView.swift in Sources */,
				D49BD4E527BABE41007F1C7A /* GroupNameView.swift in Sources */,
			);
			runOnlyForDeploymentPostprocessing = 0;
		};
/* End PBXSourcesBuildPhase section */

/* Begin XCBuildConfiguration section */
		D498AD7327B3B49E00C41A96 /* Debug */ = {
			isa = XCBuildConfiguration;
			buildSettings = {
				ALWAYS_SEARCH_USER_PATHS = NO;
				CLANG_ANALYZER_NONNULL = YES;
				CLANG_ANALYZER_NUMBER_OBJECT_CONVERSION = YES_AGGRESSIVE;
				CLANG_CXX_LANGUAGE_STANDARD = "gnu++17";
				CLANG_CXX_LIBRARY = "libc++";
				CLANG_ENABLE_MODULES = YES;
				CLANG_ENABLE_OBJC_ARC = YES;
				CLANG_ENABLE_OBJC_WEAK = YES;
				CLANG_WARN_BLOCK_CAPTURE_AUTORELEASING = YES;
				CLANG_WARN_BOOL_CONVERSION = YES;
				CLANG_WARN_COMMA = YES;
				CLANG_WARN_CONSTANT_CONVERSION = YES;
				CLANG_WARN_DEPRECATED_OBJC_IMPLEMENTATIONS = YES;
				CLANG_WARN_DIRECT_OBJC_ISA_USAGE = YES_ERROR;
				CLANG_WARN_DOCUMENTATION_COMMENTS = YES;
				CLANG_WARN_EMPTY_BODY = YES;
				CLANG_WARN_ENUM_CONVERSION = YES;
				CLANG_WARN_INFINITE_RECURSION = YES;
				CLANG_WARN_INT_CONVERSION = YES;
				CLANG_WARN_NON_LITERAL_NULL_CONVERSION = YES;
				CLANG_WARN_OBJC_IMPLICIT_RETAIN_SELF = YES;
				CLANG_WARN_OBJC_LITERAL_CONVERSION = YES;
				CLANG_WARN_OBJC_ROOT_CLASS = YES_ERROR;
				CLANG_WARN_QUOTED_INCLUDE_IN_FRAMEWORK_HEADER = YES;
				CLANG_WARN_RANGE_LOOP_ANALYSIS = YES;
				CLANG_WARN_STRICT_PROTOTYPES = YES;
				CLANG_WARN_SUSPICIOUS_MOVE = YES;
				CLANG_WARN_UNGUARDED_AVAILABILITY = YES_AGGRESSIVE;
				CLANG_WARN_UNREACHABLE_CODE = YES;
				CLANG_WARN__DUPLICATE_METHOD_MATCH = YES;
				COPY_PHASE_STRIP = NO;
				DEBUG_INFORMATION_FORMAT = dwarf;
				ENABLE_STRICT_OBJC_MSGSEND = YES;
				ENABLE_TESTABILITY = YES;
				GCC_C_LANGUAGE_STANDARD = gnu11;
				GCC_DYNAMIC_NO_PIC = NO;
				GCC_NO_COMMON_BLOCKS = YES;
				GCC_OPTIMIZATION_LEVEL = 0;
				GCC_PREPROCESSOR_DEFINITIONS = (
					"DEBUG=1",
					"$(inherited)",
				);
				GCC_WARN_64_TO_32_BIT_CONVERSION = YES;
				GCC_WARN_ABOUT_RETURN_TYPE = YES_ERROR;
				GCC_WARN_UNDECLARED_SELECTOR = YES;
				GCC_WARN_UNINITIALIZED_AUTOS = YES_AGGRESSIVE;
				GCC_WARN_UNUSED_FUNCTION = YES;
				GCC_WARN_UNUSED_VARIABLE = YES;
				INFOPLIST_KEY_UISupportedInterfaceOrientations = "";
				IPHONEOS_DEPLOYMENT_TARGET = 15.0;
				MTL_ENABLE_DEBUG_INFO = INCLUDE_SOURCE;
				MTL_FAST_MATH = YES;
				ONLY_ACTIVE_ARCH = YES;
				SDKROOT = iphoneos;
				SWIFT_ACTIVE_COMPILATION_CONDITIONS = DEBUG;
				SWIFT_OPTIMIZATION_LEVEL = "-Onone";
			};
			name = Debug;
		};
		D498AD7427B3B49E00C41A96 /* Release */ = {
			isa = XCBuildConfiguration;
			buildSettings = {
				ALWAYS_SEARCH_USER_PATHS = NO;
				CLANG_ANALYZER_NONNULL = YES;
				CLANG_ANALYZER_NUMBER_OBJECT_CONVERSION = YES_AGGRESSIVE;
				CLANG_CXX_LANGUAGE_STANDARD = "gnu++17";
				CLANG_CXX_LIBRARY = "libc++";
				CLANG_ENABLE_MODULES = YES;
				CLANG_ENABLE_OBJC_ARC = YES;
				CLANG_ENABLE_OBJC_WEAK = YES;
				CLANG_WARN_BLOCK_CAPTURE_AUTORELEASING = YES;
				CLANG_WARN_BOOL_CONVERSION = YES;
				CLANG_WARN_COMMA = YES;
				CLANG_WARN_CONSTANT_CONVERSION = YES;
				CLANG_WARN_DEPRECATED_OBJC_IMPLEMENTATIONS = YES;
				CLANG_WARN_DIRECT_OBJC_ISA_USAGE = YES_ERROR;
				CLANG_WARN_DOCUMENTATION_COMMENTS = YES;
				CLANG_WARN_EMPTY_BODY = YES;
				CLANG_WARN_ENUM_CONVERSION = YES;
				CLANG_WARN_INFINITE_RECURSION = YES;
				CLANG_WARN_INT_CONVERSION = YES;
				CLANG_WARN_NON_LITERAL_NULL_CONVERSION = YES;
				CLANG_WARN_OBJC_IMPLICIT_RETAIN_SELF = YES;
				CLANG_WARN_OBJC_LITERAL_CONVERSION = YES;
				CLANG_WARN_OBJC_ROOT_CLASS = YES_ERROR;
				CLANG_WARN_QUOTED_INCLUDE_IN_FRAMEWORK_HEADER = YES;
				CLANG_WARN_RANGE_LOOP_ANALYSIS = YES;
				CLANG_WARN_STRICT_PROTOTYPES = YES;
				CLANG_WARN_SUSPICIOUS_MOVE = YES;
				CLANG_WARN_UNGUARDED_AVAILABILITY = YES_AGGRESSIVE;
				CLANG_WARN_UNREACHABLE_CODE = YES;
				CLANG_WARN__DUPLICATE_METHOD_MATCH = YES;
				COPY_PHASE_STRIP = NO;
				DEBUG_INFORMATION_FORMAT = "dwarf-with-dsym";
				ENABLE_NS_ASSERTIONS = NO;
				ENABLE_STRICT_OBJC_MSGSEND = YES;
				GCC_C_LANGUAGE_STANDARD = gnu11;
				GCC_NO_COMMON_BLOCKS = YES;
				GCC_WARN_64_TO_32_BIT_CONVERSION = YES;
				GCC_WARN_ABOUT_RETURN_TYPE = YES_ERROR;
				GCC_WARN_UNDECLARED_SELECTOR = YES;
				GCC_WARN_UNINITIALIZED_AUTOS = YES_AGGRESSIVE;
				GCC_WARN_UNUSED_FUNCTION = YES;
				GCC_WARN_UNUSED_VARIABLE = YES;
				INFOPLIST_KEY_UISupportedInterfaceOrientations = "";
				IPHONEOS_DEPLOYMENT_TARGET = 15.0;
				MTL_ENABLE_DEBUG_INFO = NO;
				MTL_FAST_MATH = YES;
				SDKROOT = iphoneos;
				SWIFT_COMPILATION_MODE = wholemodule;
				SWIFT_OPTIMIZATION_LEVEL = "-O";
				VALIDATE_PRODUCT = YES;
			};
			name = Release;
		};
		D498AD7627B3B49E00C41A96 /* Debug */ = {
			isa = XCBuildConfiguration;
			buildSettings = {
				ASSETCATALOG_COMPILER_APPICON_NAME = AppIcon;
				ASSETCATALOG_COMPILER_GLOBAL_ACCENT_COLOR_NAME = AccentColor;
				CODE_SIGN_STYLE = Automatic;
				CURRENT_PROJECT_VERSION = 1;
				DEVELOPMENT_ASSET_PATHS = "\"SwiftUI_VK/Preview Content\"";
				DEVELOPMENT_TEAM = 6Y2CR9HV58;
				ENABLE_PREVIEWS = YES;
				GENERATE_INFOPLIST_FILE = YES;
				INFOPLIST_KEY_UIApplicationSceneManifest_Generation = YES;
				INFOPLIST_KEY_UIApplicationSupportsIndirectInputEvents = YES;
				INFOPLIST_KEY_UILaunchScreen_Generation = YES;
				INFOPLIST_KEY_UISupportedInterfaceOrientations = "";
				INFOPLIST_KEY_UISupportedInterfaceOrientations_iPad = "UIInterfaceOrientationPortrait UIInterfaceOrientationPortraitUpsideDown UIInterfaceOrientationLandscapeLeft UIInterfaceOrientationLandscapeRight";
				INFOPLIST_KEY_UISupportedInterfaceOrientations_iPhone = "UIInterfaceOrientationPortrait UIInterfaceOrientationLandscapeLeft UIInterfaceOrientationLandscapeRight";
				LD_RUNPATH_SEARCH_PATHS = (
					"$(inherited)",
					"@executable_path/Frameworks",
				);
				MARKETING_VERSION = 1.0;
				PRODUCT_BUNDLE_IDENTIFIER = "mks124rus.SwiftUI-VK";
				PRODUCT_NAME = SwiftUI_VK;
				SWIFT_EMIT_LOC_STRINGS = YES;
				SWIFT_VERSION = 5.0;
				TARGETED_DEVICE_FAMILY = "1,2";
			};
			name = Debug;
		};
		D498AD7727B3B49E00C41A96 /* Release */ = {
			isa = XCBuildConfiguration;
			buildSettings = {
				ASSETCATALOG_COMPILER_APPICON_NAME = AppIcon;
				ASSETCATALOG_COMPILER_GLOBAL_ACCENT_COLOR_NAME = AccentColor;
				CODE_SIGN_STYLE = Automatic;
				CURRENT_PROJECT_VERSION = 1;
				DEVELOPMENT_ASSET_PATHS = "\"SwiftUI_VK/Preview Content\"";
				DEVELOPMENT_TEAM = 6Y2CR9HV58;
				ENABLE_PREVIEWS = YES;
				GENERATE_INFOPLIST_FILE = YES;
				INFOPLIST_KEY_UIApplicationSceneManifest_Generation = YES;
				INFOPLIST_KEY_UIApplicationSupportsIndirectInputEvents = YES;
				INFOPLIST_KEY_UILaunchScreen_Generation = YES;
				INFOPLIST_KEY_UISupportedInterfaceOrientations = "";
				INFOPLIST_KEY_UISupportedInterfaceOrientations_iPad = "UIInterfaceOrientationPortrait UIInterfaceOrientationPortraitUpsideDown UIInterfaceOrientationLandscapeLeft UIInterfaceOrientationLandscapeRight";
				INFOPLIST_KEY_UISupportedInterfaceOrientations_iPhone = "UIInterfaceOrientationPortrait UIInterfaceOrientationLandscapeLeft UIInterfaceOrientationLandscapeRight";
				LD_RUNPATH_SEARCH_PATHS = (
					"$(inherited)",
					"@executable_path/Frameworks",
				);
				MARKETING_VERSION = 1.0;
				PRODUCT_BUNDLE_IDENTIFIER = "mks124rus.SwiftUI-VK";
				PRODUCT_NAME = SwiftUI_VK;
				SWIFT_EMIT_LOC_STRINGS = YES;
				SWIFT_VERSION = 5.0;
				TARGETED_DEVICE_FAMILY = "1,2";
			};
			name = Release;
		};
/* End XCBuildConfiguration section */

/* Begin XCConfigurationList section */
		D498AD6227B3B49900C41A96 /* Build configuration list for PBXProject "SwiftUI_VK" */ = {
			isa = XCConfigurationList;
			buildConfigurations = (
				D498AD7327B3B49E00C41A96 /* Debug */,
				D498AD7427B3B49E00C41A96 /* Release */,
			);
			defaultConfigurationIsVisible = 0;
			defaultConfigurationName = Release;
		};
		D498AD7527B3B49E00C41A96 /* Build configuration list for PBXNativeTarget "SwiftUI_VK" */ = {
			isa = XCConfigurationList;
			buildConfigurations = (
				D498AD7627B3B49E00C41A96 /* Debug */,
				D498AD7727B3B49E00C41A96 /* Release */,
			);
			defaultConfigurationIsVisible = 0;
			defaultConfigurationName = Release;
		};
/* End XCConfigurationList section */
	};
	rootObject = D498AD5F27B3B49900C41A96 /* Project object */;
}
